
Microsoft Visual Studio Solution File, Format Version 12.00
# Visual Studio Version 17
VisualStudioVersion = 17.0.32112.339
MinimumVisualStudioVersion = 10.0.40219.1
Project("{FAE04EC0-301F-11D3-BF4B-00C04F79EFBC}") = "CrudMVCPrueba", "CrudMVCPrueba\CrudMVCPrueba.csproj", "{3D60300A-36AE-460C-9272-78E8BCC683A5}"
EndProject
Global
	GlobalSection(SolutionConfigurationPlatforms) = preSolution
		Debug|Any CPU = Debug|Any CPU
		Release|Any CPU = Release|Any CPU
	EndGlobalSection
	GlobalSection(ProjectConfigurationPlatforms) = postSolution
		{3D60300A-36AE-460C-9272-78E8BCC683A5}.Debug|Any CPU.ActiveCfg = Debug|Any CPU
		{3D60300A-36AE-460C-9272-78E8BCC683A5}.Debug|Any CPU.Build.0 = Debug|Any CPU
		{3D60300A-36AE-460C-9272-78E8BCC683A5}.Release|Any CPU.ActiveCfg = Release|Any CPU
		{3D60300A-36AE-460C-9272-78E8BCC683A5}.Release|Any CPU.Build.0 = Release|Any CPU
	EndGlobalSection
	GlobalSection(SolutionProperties) = preSolution
		HideSolutionNode = FALSE
	EndGlobalSection
	GlobalSection(ExtensibilityGlobals) = postSolution
		SolutionGuid = {1F32A324-6E72-4578-93A5-D52C66846173}
	EndGlobalSection
EndGlobal
