
Microsoft Visual Studio Solution File, Format Version 12.00
# Visual Studio Version 16
VisualStudioVersion = 16.0.32126.315
MinimumVisualStudioVersion = 10.0.40219.1
Project("{9A19103F-16F7-4668-BE54-9A1E7A4F7556}") = "SistemaVentas", "SistemaVentas\SistemaVentas.csproj", "{C5C2983D-7300-459D-9873-EBA15D29FBCF}"
EndProject
Global
	GlobalSection(SolutionConfigurationPlatforms) = preSolution
		Debug|Any CPU = Debug|Any CPU
		Release|Any CPU = Release|Any CPU
	EndGlobalSection
	GlobalSection(ProjectConfigurationPlatforms) = postSolution
		{C5C2983D-7300-459D-9873-EBA15D29FBCF}.Debug|Any CPU.ActiveCfg = Debug|Any CPU
		{C5C2983D-7300-459D-9873-EBA15D29FBCF}.Debug|Any CPU.Build.0 = Debug|Any CPU
		{C5C2983D-7300-459D-9873-EBA15D29FBCF}.Release|Any CPU.ActiveCfg = Release|Any CPU
		{C5C2983D-7300-459D-9873-EBA15D29FBCF}.Release|Any CPU.Build.0 = Release|Any CPU
	EndGlobalSection
	GlobalSection(SolutionProperties) = preSolution
		HideSolutionNode = FALSE
	EndGlobalSection
	GlobalSection(ExtensibilityGlobals) = postSolution
		SolutionGuid = {888782CB-9BBE-475A-8109-CD87B2D9CFCD}
	EndGlobalSection
EndGlobal
